
Microsoft Visual Studio Solution File, Format Version 12.00
# Visual Studio Version 17
VisualStudioVersion = 17.3.32611.2
MinimumVisualStudioVersion = 10.0.40219.1
Project("{9A19103F-16F7-4668-BE54-9A1E7A4F7556}") = "LedIce", "LedIce\LedIce.csproj", "{34DE9883-D655-48F2-9AAF-4442D6B38578}"
EndProject
Global
	GlobalSection(SolutionConfigurationPlatforms) = preSolution
		Debug|Any CPU = Debug|Any CPU
		Release|Any CPU = Release|Any CPU
	EndGlobalSection
	GlobalSection(ProjectConfigurationPlatforms) = postSolution
		{34DE9883-D655-48F2-9AAF-4442D6B38578}.Debug|Any CPU.ActiveCfg = Debug|Any CPU
		{34DE9883-D655-48F2-9AAF-4442D6B38578}.Debug|Any CPU.Build.0 = Debug|Any CPU
		{34DE9883-D655-48F2-9AAF-4442D6B38578}.Release|Any CPU.ActiveCfg = Release|Any CPU
		{34DE9883-D655-48F2-9AAF-4442D6B38578}.Release|Any CPU.Build.0 = Release|Any CPU
	EndGlobalSection
	GlobalSection(SolutionProperties) = preSolution
		HideSolutionNode = FALSE
	EndGlobalSection
	GlobalSection(ExtensibilityGlobals) = postSolution
		SolutionGuid = {9F2017AA-2C19-4239-B467-2EA7D7FB02C0}
	EndGlobalSection
EndGlobal
